
Microsoft Visual Studio Solution File, Format Version 12.00
# Visual Studio Version 17
VisualStudioVersion = 17.14.36616.10 d17.14
MinimumVisualStudioVersion = 10.0.40219.1
Project("{FAE04EC0-301F-11D3-BF4B-00C04F79EFBC}") = "RefereeX", "RefereeX.csproj", "{FDEA9597-240A-481F-BC3E-7B43EBE5B1D3}"
EndProject
Global
	GlobalSection(SolutionConfigurationPlatforms) = preSolution
		Debug|Any CPU = Debug|Any CPU
		Release|Any CPU = Release|Any CPU
	EndGlobalSection
	GlobalSection(ProjectConfigurationPlatforms) = postSolution
		{FDEA9597-240A-481F-BC3E-7B43EBE5B1D3}.Debug|Any CPU.ActiveCfg = Debug|Any CPU
		{FDEA9597-240A-481F-BC3E-7B43EBE5B1D3}.Debug|Any CPU.Build.0 = Debug|Any CPU
		{FDEA9597-240A-481F-BC3E-7B43EBE5B1D3}.Release|Any CPU.ActiveCfg = Release|Any CPU
		{FDEA9597-240A-481F-BC3E-7B43EBE5B1D3}.Release|Any CPU.Build.0 = Release|Any CPU
	EndGlobalSection
	GlobalSection(SolutionProperties) = preSolution
		HideSolutionNode = FALSE
	EndGlobalSection
	GlobalSection(ExtensibilityGlobals) = postSolution
		SolutionGuid = {5D4786EE-F53C-4947-8372-25BB38580F56}
	EndGlobalSection
EndGlobal
